<Solution>
  <Folder Name="/builds/">
    <File Path="../.github/workflows/codeql-analysis.yml" />
    <File Path="../.github/workflows/dotnet.yml" />
  </Folder>
  <Folder Name="/docs/">
    <File Path="../docs/RenewToken.md" />
  </Folder>
  <Folder Name="/Solution Items/">
    <File Path="../README.md" />
  </Folder>
  <Project Path="Puffix.DataGenerator/Puffix.DataGenerator.csproj" />
</Solution>
